
Microsoft Visual Studio Solution File, Format Version 12.00
# Visual Studio Version 16
VisualStudioVersion = 16.0.32106.194
MinimumVisualStudioVersion = 10.0.40219.1
Project("{FAE04EC0-301F-11D3-BF4B-00C04F79EFBC}") = "PR18 Starodubcev", "PR18 Starodubcev.csproj", "{6A814A74-BE23-4171-B505-2DEAE4B160EE}"
EndProject
Global
	GlobalSection(SolutionConfigurationPlatforms) = preSolution
		Debug|Any CPU = Debug|Any CPU
		Release|Any CPU = Release|Any CPU
	EndGlobalSection
	GlobalSection(ProjectConfigurationPlatforms) = postSolution
		{6A814A74-BE23-4171-B505-2DEAE4B160EE}.Debug|Any CPU.ActiveCfg = Debug|Any CPU
		{6A814A74-BE23-4171-B505-2DEAE4B160EE}.Debug|Any CPU.Build.0 = Debug|Any CPU
		{6A814A74-BE23-4171-B505-2DEAE4B160EE}.Release|Any CPU.ActiveCfg = Release|Any CPU
		{6A814A74-BE23-4171-B505-2DEAE4B160EE}.Release|Any CPU.Build.0 = Release|Any CPU
	EndGlobalSection
	GlobalSection(SolutionProperties) = preSolution
		HideSolutionNode = FALSE
	EndGlobalSection
	GlobalSection(ExtensibilityGlobals) = postSolution
		SolutionGuid = {E8155BDA-690C-4BAD-A985-1AA514D314A2}
	EndGlobalSection
EndGlobal
